
Microsoft Visual Studio Solution File, Format Version 12.00
# Visual Studio Version 17
VisualStudioVersion = 17.14.36518.9 d17.14
MinimumVisualStudioVersion = 10.0.40219.1
Project("{FAE04EC0-301F-11D3-BF4B-00C04F79EFBC}") = "Main Interface", "Main Interface\Main Interface.csproj", "{671AEAD9-780E-4894-84C6-CFDA9AAD16EF}"
EndProject
Global
	GlobalSection(SolutionConfigurationPlatforms) = preSolution
		Debug|Any CPU = Debug|Any CPU
		Release|Any CPU = Release|Any CPU
	EndGlobalSection
	GlobalSection(ProjectConfigurationPlatforms) = postSolution
		{671AEAD9-780E-4894-84C6-CFDA9AAD16EF}.Debug|Any CPU.ActiveCfg = Debug|Any CPU
		{671AEAD9-780E-4894-84C6-CFDA9AAD16EF}.Debug|Any CPU.Build.0 = Debug|Any CPU
		{671AEAD9-780E-4894-84C6-CFDA9AAD16EF}.Release|Any CPU.ActiveCfg = Release|Any CPU
		{671AEAD9-780E-4894-84C6-CFDA9AAD16EF}.Release|Any CPU.Build.0 = Release|Any CPU
	EndGlobalSection
	GlobalSection(SolutionProperties) = preSolution
		HideSolutionNode = FALSE
	EndGlobalSection
	GlobalSection(ExtensibilityGlobals) = postSolution
		SolutionGuid = {81D6E5BE-0619-4EA5-99EC-BCB46321E691}
	EndGlobalSection
EndGlobal
